
Microsoft Visual Studio Solution File, Format Version 12.00
# Visual Studio 15
VisualStudioVersion = 15.0.28307.106
MinimumVisualStudioVersion = 10.0.40219.1
Project("{FAE04EC0-301F-11D3-BF4B-00C04F79EFBC}") = "3dDoor2", "3dDoor2\3dDoor2.csproj", "{B1548784-402F-4B95-AD54-D57454201740}"
EndProject
Global
	GlobalSection(SolutionConfigurationPlatforms) = preSolution
		Debug|Any CPU = Debug|Any CPU
		Release|Any CPU = Release|Any CPU
	EndGlobalSection
	GlobalSection(ProjectConfigurationPlatforms) = postSolution
		{B1548784-402F-4B95-AD54-D57454201740}.Debug|Any CPU.ActiveCfg = Debug|Any CPU
		{B1548784-402F-4B95-AD54-D57454201740}.Debug|Any CPU.Build.0 = Debug|Any CPU
		{B1548784-402F-4B95-AD54-D57454201740}.Release|Any CPU.ActiveCfg = Release|Any CPU
		{B1548784-402F-4B95-AD54-D57454201740}.Release|Any CPU.Build.0 = Release|Any CPU
	EndGlobalSection
	GlobalSection(SolutionProperties) = preSolution
		HideSolutionNode = FALSE
	EndGlobalSection
	GlobalSection(ExtensibilityGlobals) = postSolution
		SolutionGuid = {F14314AC-3A94-4109-91DE-E5E3D29CB2C2}
	EndGlobalSection
EndGlobal
