
Microsoft Visual Studio Solution File, Format Version 12.00
# Visual Studio 15
VisualStudioVersion = 15.0.28307.106
MinimumVisualStudioVersion = 10.0.40219.1
Project("{FAE04EC0-301F-11D3-BF4B-00C04F79EFBC}") = "SecondDoor1", "SecondDoor1\SecondDoor1.csproj", "{000A7E30-F657-4850-AFE5-FCF29A4B1067}"
EndProject
Global
	GlobalSection(SolutionConfigurationPlatforms) = preSolution
		Debug|Any CPU = Debug|Any CPU
		Release|Any CPU = Release|Any CPU
	EndGlobalSection
	GlobalSection(ProjectConfigurationPlatforms) = postSolution
		{000A7E30-F657-4850-AFE5-FCF29A4B1067}.Debug|Any CPU.ActiveCfg = Debug|Any CPU
		{000A7E30-F657-4850-AFE5-FCF29A4B1067}.Debug|Any CPU.Build.0 = Debug|Any CPU
		{000A7E30-F657-4850-AFE5-FCF29A4B1067}.Release|Any CPU.ActiveCfg = Release|Any CPU
		{000A7E30-F657-4850-AFE5-FCF29A4B1067}.Release|Any CPU.Build.0 = Release|Any CPU
	EndGlobalSection
	GlobalSection(SolutionProperties) = preSolution
		HideSolutionNode = FALSE
	EndGlobalSection
	GlobalSection(ExtensibilityGlobals) = postSolution
		SolutionGuid = {01493D01-5D19-4647-9357-BD1E8CA5E3FE}
	EndGlobalSection
EndGlobal
